
Microsoft Visual Studio Solution File, Format Version 12.00
# Visual Studio Version 17
VisualStudioVersion = 17.9.34622.214
MinimumVisualStudioVersion = 10.0.40219.1
Project("{FAE04EC0-301F-11D3-BF4B-00C04F79EFBC}") = "HangfireDemo", "HangfireDemo\HangfireDemo.csproj", "{B0FC1F55-AFE5-40E3-8964-D585A1D5614E}"
EndProject
Global
	GlobalSection(SolutionConfigurationPlatforms) = preSolution
		Debug|Any CPU = Debug|Any CPU
		Release|Any CPU = Release|Any CPU
	EndGlobalSection
	GlobalSection(ProjectConfigurationPlatforms) = postSolution
		{B0FC1F55-AFE5-40E3-8964-D585A1D5614E}.Debug|Any CPU.ActiveCfg = Debug|Any CPU
		{B0FC1F55-AFE5-40E3-8964-D585A1D5614E}.Debug|Any CPU.Build.0 = Debug|Any CPU
		{B0FC1F55-AFE5-40E3-8964-D585A1D5614E}.Release|Any CPU.ActiveCfg = Release|Any CPU
		{B0FC1F55-AFE5-40E3-8964-D585A1D5614E}.Release|Any CPU.Build.0 = Release|Any CPU
	EndGlobalSection
	GlobalSection(SolutionProperties) = preSolution
		HideSolutionNode = FALSE
	EndGlobalSection
	GlobalSection(ExtensibilityGlobals) = postSolution
		SolutionGuid = {969B2977-554D-45C6-94CF-12745B676891}
	EndGlobalSection
EndGlobal
